
Microsoft Visual Studio Solution File, Format Version 12.00
# Visual Studio Version 16
VisualStudioVersion = 16.0.29215.179
MinimumVisualStudioVersion = 10.0.40219.1
Project("{FAE04EC0-301F-11D3-BF4B-00C04F79EFBC}") = "ONI Mod", "ONIMod\ONI Mod.csproj", "{36420EE4-E4F6-4D2C-A8FC-91FDA99C0FD9}"
EndProject
Global
	GlobalSection(SolutionConfigurationPlatforms) = preSolution
		Debug|Any CPU = Debug|Any CPU
		Release|Any CPU = Release|Any CPU
	EndGlobalSection
	GlobalSection(ProjectConfigurationPlatforms) = postSolution
		{36420EE4-E4F6-4D2C-A8FC-91FDA99C0FD9}.Debug|Any CPU.ActiveCfg = Debug|Any CPU
		{36420EE4-E4F6-4D2C-A8FC-91FDA99C0FD9}.Debug|Any CPU.Build.0 = Debug|Any CPU
		{36420EE4-E4F6-4D2C-A8FC-91FDA99C0FD9}.Release|Any CPU.ActiveCfg = Release|Any CPU
		{36420EE4-E4F6-4D2C-A8FC-91FDA99C0FD9}.Release|Any CPU.Build.0 = Release|Any CPU
	EndGlobalSection
	GlobalSection(SolutionProperties) = preSolution
		HideSolutionNode = FALSE
	EndGlobalSection
	GlobalSection(ExtensibilityGlobals) = postSolution
		SolutionGuid = {9FB23986-B118-4E9C-9F3A-A45ADAACB73D}
	EndGlobalSection
EndGlobal
